
Microsoft Visual Studio Solution File, Format Version 12.00
# Visual Studio Version 17
VisualStudioVersion = 17.11.35312.102
MinimumVisualStudioVersion = 10.0.40219.1
Project("{FAE04EC0-301F-11D3-BF4B-00C04F79EFBC}") = "ForexWise", "ForexWise.csproj", "{02EA5F64-A1B8-4BC2-8840-D59B3400E27C}"
EndProject
Project("{FAE04EC0-301F-11D3-BF4B-00C04F79EFBC}") = "ClassLibrary", "..\ClassLibrary\ClassLibrary.csproj", "{383B966D-5B4B-4CA0-A898-7DEFF08CBB2D}"
EndProject
Global
	GlobalSection(SolutionConfigurationPlatforms) = preSolution
		Debug|Any CPU = Debug|Any CPU
		Release|Any CPU = Release|Any CPU
	EndGlobalSection
	GlobalSection(ProjectConfigurationPlatforms) = postSolution
		{02EA5F64-A1B8-4BC2-8840-D59B3400E27C}.Debug|Any CPU.ActiveCfg = Debug|Any CPU
		{02EA5F64-A1B8-4BC2-8840-D59B3400E27C}.Debug|Any CPU.Build.0 = Debug|Any CPU
		{02EA5F64-A1B8-4BC2-8840-D59B3400E27C}.Release|Any CPU.ActiveCfg = Release|Any CPU
		{02EA5F64-A1B8-4BC2-8840-D59B3400E27C}.Release|Any CPU.Build.0 = Release|Any CPU
		{383B966D-5B4B-4CA0-A898-7DEFF08CBB2D}.Debug|Any CPU.ActiveCfg = Debug|Any CPU
		{383B966D-5B4B-4CA0-A898-7DEFF08CBB2D}.Debug|Any CPU.Build.0 = Debug|Any CPU
		{383B966D-5B4B-4CA0-A898-7DEFF08CBB2D}.Release|Any CPU.ActiveCfg = Release|Any CPU
		{383B966D-5B4B-4CA0-A898-7DEFF08CBB2D}.Release|Any CPU.Build.0 = Release|Any CPU
	EndGlobalSection
	GlobalSection(SolutionProperties) = preSolution
		HideSolutionNode = FALSE
	EndGlobalSection
	GlobalSection(ExtensibilityGlobals) = postSolution
		SolutionGuid = {9EFCA9ED-6546-4E3F-AF6D-ECF8D5767278}
	EndGlobalSection
EndGlobal
